
Microsoft Visual Studio Solution File, Format Version 12.00
# Visual Studio Version 16
VisualStudioVersion = 16.0.30114.105
MinimumVisualStudioVersion = 10.0.40219.1
Project("{FAE04EC0-301F-11D3-BF4B-00C04F79EFBC}") = "AdbaProject", "AdbaProject\AdbaProject.csproj", "{F96265A7-C555-482D-B947-BDB1C1B7C387}"
EndProject
Global
	GlobalSection(SolutionConfigurationPlatforms) = preSolution
		Debug|Any CPU = Debug|Any CPU
		Release|Any CPU = Release|Any CPU
	EndGlobalSection
	GlobalSection(ProjectConfigurationPlatforms) = postSolution
		{F96265A7-C555-482D-B947-BDB1C1B7C387}.Debug|Any CPU.ActiveCfg = Debug|Any CPU
		{F96265A7-C555-482D-B947-BDB1C1B7C387}.Debug|Any CPU.Build.0 = Debug|Any CPU
		{F96265A7-C555-482D-B947-BDB1C1B7C387}.Release|Any CPU.ActiveCfg = Release|Any CPU
		{F96265A7-C555-482D-B947-BDB1C1B7C387}.Release|Any CPU.Build.0 = Release|Any CPU
	EndGlobalSection
	GlobalSection(SolutionProperties) = preSolution
		HideSolutionNode = FALSE
	EndGlobalSection
	GlobalSection(ExtensibilityGlobals) = postSolution
		SolutionGuid = {F0AAB0FD-A3A9-4449-AA2C-2F8E2547202E}
	EndGlobalSection
EndGlobal
